// !$*UTF8*$!
{
	archiveVersion = 1;
	classes = {
	};
	objectVersion = 56;
	objects = {

/* Begin PBXBuildFile section */
		57E22E7A2B33923E00A6F1D5 /* AppDelegate.swift in Sources */ = {isa = PBXBuildFile; fileRef = 57E22E792B33923E00A6F1D5 /* AppDelegate.swift */; };
		57E22E7C2B33923E00A6F1D5 /* SceneDelegate.swift in Sources */ = {isa = PBXBuildFile; fileRef = 57E22E7B2B33923E00A6F1D5 /* SceneDelegate.swift */; };
		57E22E7E2B33923E00A6F1D5 /* ViewController.swift in Sources */ = {isa = PBXBuildFile; fileRef = 57E22E7D2B33923E00A6F1D5 /* ViewController.swift */; };
		57E22E812B33923E00A6F1D5 /* Main.storyboard in Resources */ = {isa = PBXBuildFile; fileRef = 57E22E7F2B33923E00A6F1D5 /* Main.storyboard */; };
		57E22E832B33924000A6F1D5 /* Assets.xcassets in Resources */ = {isa = PBXBuildFile; fileRef = 57E22E822B33924000A6F1D5 /* Assets.xcassets */; };
		57E22E862B33924000A6F1D5 /* LaunchScreen.storyboard in Resources */ = {isa = PBXBuildFile; fileRef = 57E22E842B33924000A6F1D5 /* LaunchScreen.storyboard */; };
		57E22E912B33924000A6F1D5 /* Swift_AssessmentTests.swift in Sources */ = {isa = PBXBuildFile; fileRef = 57E22E902B33924000A6F1D5 /* Swift_AssessmentTests.swift */; };
		57E22E9B2B33924100A6F1D5 /* Swift_AssessmentUITests.swift in Sources */ = {isa = PBXBuildFile; fileRef = 57E22E9A2B33924100A6F1D5 /* Swift_AssessmentUITests.swift */; };
		57E22E9D2B33924100A6F1D5 /* Swift_AssessmentUITestsLaunchTests.swift in Sources */ = {isa = PBXBuildFile; fileRef = 57E22E9C2B33924100A6F1D5 /* Swift_AssessmentUITestsLaunchTests.swift */; };
		57E22EAB2B33943400A6F1D5 /* Exercise1.swift in Sources */ = {isa = PBXBuildFile; fileRef = 57E22EAA2B33943400A6F1D5 /* Exercise1.swift */; };
		57E22EB62B339F8100A6F1D5 /* Excercise1Test.swift in Sources */ = {isa = PBXBuildFile; fileRef = 57E22EB52B339F8100A6F1D5 /* Excercise1Test.swift */; };
/* End PBXBuildFile section */

/* Begin PBXContainerItemProxy section */
		57E22E8D2B33924000A6F1D5 /* PBXContainerItemProxy */ = {
			isa = PBXContainerItemProxy;
			containerPortal = 57E22E6E2B33923E00A6F1D5 /* Project object */;
			proxyType = 1;
			remoteGlobalIDString = 57E22E752B33923E00A6F1D5;
			remoteInfo = "Swift Assessment";
		};
		57E22E972B33924100A6F1D5 /* PBXContainerItemProxy */ = {
			isa = PBXContainerItemProxy;
			containerPortal = 57E22E6E2B33923E00A6F1D5 /* Project object */;
			proxyType = 1;
			remoteGlobalIDString = 57E22E752B33923E00A6F1D5;
			remoteInfo = "Swift Assessment";
		};
/* End PBXContainerItemProxy section */

/* Begin PBXFileReference section */
		57E22E762B33923E00A6F1D5 /* Swift Assessment.app */ = {isa = PBXFileReference; explicitFileType = wrapper.application; includeInIndex = 0; path = "Swift Assessment.app"; sourceTree = BUILT_PRODUCTS_DIR; };
		57E22E792B33923E00A6F1D5 /* AppDelegate.swift */ = {isa = PBXFileReference; lastKnownFileType = sourcecode.swift; path = AppDelegate.swift; sourceTree = "<group>"; };
		57E22E7B2B33923E00A6F1D5 /* SceneDelegate.swift */ = {isa = PBXFileReference; lastKnownFileType = sourcecode.swift; path = SceneDelegate.swift; sourceTree = "<group>"; };
		57E22E7D2B33923E00A6F1D5 /* ViewController.swift */ = {isa = PBXFileReference; lastKnownFileType = sourcecode.swift; path = ViewController.swift; sourceTree = "<group>"; };
		57E22E802B33923E00A6F1D5 /* Base */ = {isa = PBXFileReference; lastKnownFileType = file.storyboard; name = Base; path = Base.lproj/Main.storyboard; sourceTree = "<group>"; };
		57E22E822B33924000A6F1D5 /* Assets.xcassets */ = {isa = PBXFileReference; lastKnownFileType = folder.assetcatalog; path = Assets.xcassets; sourceTree = "<group>"; };
		57E22E852B33924000A6F1D5 /* Base */ = {isa = PBXFileReference; lastKnownFileType = file.storyboard; name = Base; path = Base.lproj/LaunchScreen.storyboard; sourceTree = "<group>"; };
		57E22E872B33924000A6F1D5 /* Info.plist */ = {isa = PBXFileReference; lastKnownFileType = text.plist.xml; path = Info.plist; sourceTree = "<group>"; };
		57E22E8C2B33924000A6F1D5 /* Swift AssessmentTests.xctest */ = {isa = PBXFileReference; explicitFileType = wrapper.cfbundle; includeInIndex = 0; path = "Swift AssessmentTests.xctest"; sourceTree = BUILT_PRODUCTS_DIR; };
		57E22E902B33924000A6F1D5 /* Swift_AssessmentTests.swift */ = {isa = PBXFileReference; lastKnownFileType = sourcecode.swift; path = Swift_AssessmentTests.swift; sourceTree = "<group>"; };
		57E22E962B33924100A6F1D5 /* Swift AssessmentUITests.xctest */ = {isa = PBXFileReference; explicitFileType = wrapper.cfbundle; includeInIndex = 0; path = "Swift AssessmentUITests.xctest"; sourceTree = BUILT_PRODUCTS_DIR; };
		57E22E9A2B33924100A6F1D5 /* Swift_AssessmentUITests.swift */ = {isa = PBXFileReference; lastKnownFileType = sourcecode.swift; path = Swift_AssessmentUITests.swift; sourceTree = "<group>"; };
		57E22E9C2B33924100A6F1D5 /* Swift_AssessmentUITestsLaunchTests.swift */ = {isa = PBXFileReference; lastKnownFileType = sourcecode.swift; path = Swift_AssessmentUITestsLaunchTests.swift; sourceTree = "<group>"; };
		57E22EAA2B33943400A6F1D5 /* Exercise1.swift */ = {isa = PBXFileReference; lastKnownFileType = sourcecode.swift; path = Exercise1.swift; sourceTree = "<group>"; };
		57E22EB52B339F8100A6F1D5 /* Excercise1Test.swift */ = {isa = PBXFileReference; lastKnownFileType = sourcecode.swift; path = Excercise1Test.swift; sourceTree = "<group>"; };
/* End PBXFileReference section */

/* Begin PBXFrameworksBuildPhase section */
		57E22E732B33923E00A6F1D5 /* Frameworks */ = {
			isa = PBXFrameworksBuildPhase;
			buildActionMask = 2147483647;
			files = (
			);
			runOnlyForDeploymentPostprocessing = 0;
		};
		57E22E892B33924000A6F1D5 /* Frameworks */ = {
			isa = PBXFrameworksBuildPhase;
			buildActionMask = 2147483647;
			files = (
			);
			runOnlyForDeploymentPostprocessing = 0;
		};
		57E22E932B33924100A6F1D5 /* Frameworks */ = {
			isa = PBXFrameworksBuildPhase;
			buildActionMask = 2147483647;
			files = (
			);
			runOnlyForDeploymentPostprocessing = 0;
		};
/* End PBXFrameworksBuildPhase section */

/* Begin PBXGroup section */
		57E22E6D2B33923E00A6F1D5 = {
			isa = PBXGroup;
			children = (
				57E22E782B33923E00A6F1D5 /* Swift Assessment */,
				57E22E8F2B33924000A6F1D5 /* Swift AssessmentTests */,
				57E22E992B33924100A6F1D5 /* Swift AssessmentUITests */,
				57E22E772B33923E00A6F1D5 /* Products */,
			);
			sourceTree = "<group>";
		};
		57E22E772B33923E00A6F1D5 /* Products */ = {
			isa = PBXGroup;
			children = (
				57E22E762B33923E00A6F1D5 /* Swift Assessment.app */,
				57E22E8C2B33924000A6F1D5 /* Swift AssessmentTests.xctest */,
				57E22E962B33924100A6F1D5 /* Swift AssessmentUITests.xctest */,
			);
			name = Products;
			sourceTree = "<group>";
		};
		57E22E782B33923E00A6F1D5 /* Swift Assessment */ = {
			isa = PBXGroup;
			children = (
				57E22EA92B33938E00A6F1D5 /* Excersice 1 */,
				57E22E792B33923E00A6F1D5 /* AppDelegate.swift */,
				57E22E7B2B33923E00A6F1D5 /* SceneDelegate.swift */,
				57E22E7D2B33923E00A6F1D5 /* ViewController.swift */,
				57E22E7F2B33923E00A6F1D5 /* Main.storyboard */,
				57E22E822B33924000A6F1D5 /* Assets.xcassets */,
				57E22E842B33924000A6F1D5 /* LaunchScreen.storyboard */,
				57E22E872B33924000A6F1D5 /* Info.plist */,
			);
			path = "Swift Assessment";
			sourceTree = "<group>";
		};
		57E22E8F2B33924000A6F1D5 /* Swift AssessmentTests */ = {
			isa = PBXGroup;
			children = (
				57E22E902B33924000A6F1D5 /* Swift_AssessmentTests.swift */,
				57E22EB52B339F8100A6F1D5 /* Excercise1Test.swift */,
			);
			path = "Swift AssessmentTests";
			sourceTree = "<group>";
		};
		57E22E992B33924100A6F1D5 /* Swift AssessmentUITests */ = {
			isa = PBXGroup;
			children = (
				57E22E9A2B33924100A6F1D5 /* Swift_AssessmentUITests.swift */,
				57E22E9C2B33924100A6F1D5 /* Swift_AssessmentUITestsLaunchTests.swift */,
			);
			path = "Swift AssessmentUITests";
			sourceTree = "<group>";
		};
		57E22EA92B33938E00A6F1D5 /* Excersice 1 */ = {
			isa = PBXGroup;
			children = (
				57E22EAA2B33943400A6F1D5 /* Exercise1.swift */,
			);
			path = "Excersice 1";
			sourceTree = "<group>";
		};
/* End PBXGroup section */

/* Begin PBXNativeTarget section */
		57E22E752B33923E00A6F1D5 /* Swift Assessment */ = {
			isa = PBXNativeTarget;
			buildConfigurationList = 57E22EA02B33924100A6F1D5 /* Build configuration list for PBXNativeTarget "Swift Assessment" */;
			buildPhases = (
				57E22E722B33923E00A6F1D5 /* Sources */,
				57E22E732B33923E00A6F1D5 /* Frameworks */,
				57E22E742B33923E00A6F1D5 /* Resources */,
			);
			buildRules = (
			);
			dependencies = (
			);
			name = "Swift Assessment";
			productName = "Swift Assessment";
			productReference = 57E22E762B33923E00A6F1D5 /* Swift Assessment.app */;
			productType = "com.apple.product-type.application";
		};
		57E22E8B2B33924000A6F1D5 /* Swift AssessmentTests */ = {
			isa = PBXNativeTarget;
			buildConfigurationList = 57E22EA32B33924100A6F1D5 /* Build configuration list for PBXNativeTarget "Swift AssessmentTests" */;
			buildPhases = (
				57E22E882B33924000A6F1D5 /* Sources */,
				57E22E892B33924000A6F1D5 /* Frameworks */,
				57E22E8A2B33924000A6F1D5 /* Resources */,
			);
			buildRules = (
			);
			dependencies = (
				57E22E8E2B33924000A6F1D5 /* PBXTargetDependency */,
			);
			name = "Swift AssessmentTests";
			productName = "Swift AssessmentTests";
			productReference = 57E22E8C2B33924000A6F1D5 /* Swift AssessmentTests.xctest */;
			productType = "com.apple.product-type.bundle.unit-test";
		};
		57E22E952B33924100A6F1D5 /* Swift AssessmentUITests */ = {
			isa = PBXNativeTarget;
			buildConfigurationList = 57E22EA62B33924100A6F1D5 /* Build configuration list for PBXNativeTarget "Swift AssessmentUITests" */;
			buildPhases = (
				57E22E922B33924100A6F1D5 /* Sources */,
				57E22E932B33924100A6F1D5 /* Frameworks */,
				57E22E942B33924100A6F1D5 /* Resources */,
			);
			buildRules = (
			);
			dependencies = (
				57E22E982B33924100A6F1D5 /* PBXTargetDependency */,
			);
			name = "Swift AssessmentUITests";
			productName = "Swift AssessmentUITests";
			productReference = 57E22E962B33924100A6F1D5 /* Swift AssessmentUITests.xctest */;
			productType = "com.apple.product-type.bundle.ui-testing";
		};
/* End PBXNativeTarget section */

/* Begin PBXProject section */
		57E22E6E2B33923E00A6F1D5 /* Project object */ = {
			isa = PBXProject;
			attributes = {
				BuildIndependentTargetsInParallel = 1;
				LastSwiftUpdateCheck = 1500;
				LastUpgradeCheck = 1500;
				TargetAttributes = {
					57E22E752B33923E00A6F1D5 = {
						CreatedOnToolsVersion = 15.0.1;
					};
					57E22E8B2B33924000A6F1D5 = {
						CreatedOnToolsVersion = 15.0.1;
						TestTargetID = 57E22E752B33923E00A6F1D5;
					};
					57E22E952B33924100A6F1D5 = {
						CreatedOnToolsVersion = 15.0.1;
						TestTargetID = 57E22E752B33923E00A6F1D5;
					};
				};
			};
			buildConfigurationList = 57E22E712B33923E00A6F1D5 /* Build configuration list for PBXProject "Swift Assessment" */;
			compatibilityVersion = "Xcode 14.0";
			developmentRegion = en;
			hasScannedForEncodings = 0;
			knownRegions = (
				en,
				Base,
			);
			mainGroup = 57E22E6D2B33923E00A6F1D5;
			productRefGroup = 57E22E772B33923E00A6F1D5 /* Products */;
			projectDirPath = "";
			projectRoot = "";
			targets = (
				57E22E752B33923E00A6F1D5 /* Swift Assessment */,
				57E22E8B2B33924000A6F1D5 /* Swift AssessmentTests */,
				57E22E952B33924100A6F1D5 /* Swift AssessmentUITests */,
			);
		};
/* End PBXProject section */

/* Begin PBXResourcesBuildPhase section */
		57E22E742B33923E00A6F1D5 /* Resources */ = {
			isa = PBXResourcesBuildPhase;
			buildActionMask = 2147483647;
			files = (
				57E22E862B33924000A6F1D5 /* LaunchScreen.storyboard in Resources */,
				57E22E832B33924000A6F1D5 /* Assets.xcassets in Resources */,
				57E22E812B33923E00A6F1D5 /* Main.storyboard in Resources */,
			);
			runOnlyForDeploymentPostprocessing = 0;
		};
		57E22E8A2B33924000A6F1D5 /* Resources */ = {
			isa = PBXResourcesBuildPhase;
			buildActionMask = 2147483647;
			files = (
			);
			runOnlyForDeploymentPostprocessing = 0;
		};
		57E22E942B33924100A6F1D5 /* Resources */ = {
			isa = PBXResourcesBuildPhase;
			buildActionMask = 2147483647;
			files = (
			);
			runOnlyForDeploymentPostprocessing = 0;
		};
/* End PBXResourcesBuildPhase section */

/* Begin PBXSourcesBuildPhase section */
		57E22E722B33923E00A6F1D5 /* Sources */ = {
			isa = PBXSourcesBuildPhase;
			buildActionMask = 2147483647;
			files = (
				57E22E7E2B33923E00A6F1D5 /* ViewController.swift in Sources */,
				57E22E7A2B33923E00A6F1D5 /* AppDelegate.swift in Sources */,
				57E22E7C2B33923E00A6F1D5 /* SceneDelegate.swift in Sources */,
				57E22EAB2B33943400A6F1D5 /* Exercise1.swift in Sources */,
			);
			runOnlyForDeploymentPostprocessing = 0;
		};
		57E22E882B33924000A6F1D5 /* Sources */ = {
			isa = PBXSourcesBuildPhase;
			buildActionMask = 2147483647;
			files = (
				57E22E912B33924000A6F1D5 /* Swift_AssessmentTests.swift in Sources */,
				57E22EB62B339F8100A6F1D5 /* Excercise1Test.swift in Sources */,
			);
			runOnlyForDeploymentPostprocessing = 0;
		};
		57E22E922B33924100A6F1D5 /* Sources */ = {
			isa = PBXSourcesBuildPhase;
			buildActionMask = 2147483647;
			files = (
				57E22E9D2B33924100A6F1D5 /* Swift_AssessmentUITestsLaunchTests.swift in Sources */,
				57E22E9B2B33924100A6F1D5 /* Swift_AssessmentUITests.swift in Sources */,
			);
			runOnlyForDeploymentPostprocessing = 0;
		};
/* End PBXSourcesBuildPhase section */

/* Begin PBXTargetDependency section */
		57E22E8E2B33924000A6F1D5 /* PBXTargetDependency */ = {
			isa = PBXTargetDependency;
			target = 57E22E752B33923E00A6F1D5 /* Swift Assessment */;
			targetProxy = 57E22E8D2B33924000A6F1D5 /* PBXContainerItemProxy */;
		};
		57E22E982B33924100A6F1D5 /* PBXTargetDependency */ = {
			isa = PBXTargetDependency;
			target = 57E22E752B33923E00A6F1D5 /* Swift Assessment */;
			targetProxy = 57E22E972B33924100A6F1D5 /* PBXContainerItemProxy */;
		};
/* End PBXTargetDependency section */

/* Begin PBXVariantGroup section */
		57E22E7F2B33923E00A6F1D5 /* Main.storyboard */ = {
			isa = PBXVariantGroup;
			children = (
				57E22E802B33923E00A6F1D5 /* Base */,
			);
			name = Main.storyboard;
			sourceTree = "<group>";
		};
		57E22E842B33924000A6F1D5 /* LaunchScreen.storyboard */ = {
			isa = PBXVariantGroup;
			children = (
				57E22E852B33924000A6F1D5 /* Base */,
			);
			name = LaunchScreen.storyboard;
			sourceTree = "<group>";
		};
/* End PBXVariantGroup section */

/* Begin XCBuildConfiguration section */
		57E22E9E2B33924100A6F1D5 /* Debug */ = {
			isa = XCBuildConfiguration;
			buildSettings = {
				ALWAYS_SEARCH_USER_PATHS = NO;
				ASSETCATALOG_COMPILER_GENERATE_SWIFT_ASSET_SYMBOL_EXTENSIONS = YES;
				CLANG_ANALYZER_NONNULL = YES;
				CLANG_ANALYZER_NUMBER_OBJECT_CONVERSION = YES_AGGRESSIVE;
				CLANG_CXX_LANGUAGE_STANDARD = "gnu++20";
				CLANG_ENABLE_MODULES = YES;
				CLANG_ENABLE_OBJC_ARC = YES;
				CLANG_ENABLE_OBJC_WEAK = YES;
				CLANG_WARN_BLOCK_CAPTURE_AUTORELEASING = YES;
				CLANG_WARN_BOOL_CONVERSION = YES;
				CLANG_WARN_COMMA = YES;
				CLANG_WARN_CONSTANT_CONVERSION = YES;
				CLANG_WARN_DEPRECATED_OBJC_IMPLEMENTATIONS = YES;
				CLANG_WARN_DIRECT_OBJC_ISA_USAGE = YES_ERROR;
				CLANG_WARN_DOCUMENTATION_COMMENTS = YES;
				CLANG_WARN_EMPTY_BODY = YES;
				CLANG_WARN_ENUM_CONVERSION = YES;
				CLANG_WARN_INFINITE_RECURSION = YES;
				CLANG_WARN_INT_CONVERSION = YES;
				CLANG_WARN_NON_LITERAL_NULL_CONVERSION = YES;
				CLANG_WARN_OBJC_IMPLICIT_RETAIN_SELF = YES;
				CLANG_WARN_OBJC_LITERAL_CONVERSION = YES;
				CLANG_WARN_OBJC_ROOT_CLASS = YES_ERROR;
				CLANG_WARN_QUOTED_INCLUDE_IN_FRAMEWORK_HEADER = YES;
				CLANG_WARN_RANGE_LOOP_ANALYSIS = YES;
				CLANG_WARN_STRICT_PROTOTYPES = YES;
				CLANG_WARN_SUSPICIOUS_MOVE = YES;
				CLANG_WARN_UNGUARDED_AVAILABILITY = YES_AGGRESSIVE;
				CLANG_WARN_UNREACHABLE_CODE = YES;
				CLANG_WARN__DUPLICATE_METHOD_MATCH = YES;
				COPY_PHASE_STRIP = NO;
				DEBUG_INFORMATION_FORMAT = dwarf;
				ENABLE_STRICT_OBJC_MSGSEND = YES;
				ENABLE_TESTABILITY = YES;
				ENABLE_USER_SCRIPT_SANDBOXING = YES;
				GCC_C_LANGUAGE_STANDARD = gnu17;
				GCC_DYNAMIC_NO_PIC = NO;
				GCC_NO_COMMON_BLOCKS = YES;
				GCC_OPTIMIZATION_LEVEL = 0;
				GCC_PREPROCESSOR_DEFINITIONS = (
					"DEBUG=1",
					"$(inherited)",
				);
				GCC_WARN_64_TO_32_BIT_CONVERSION = YES;
				GCC_WARN_ABOUT_RETURN_TYPE = YES_ERROR;
				GCC_WARN_UNDECLARED_SELECTOR = YES;
				GCC_WARN_UNINITIALIZED_AUTOS = YES_AGGRESSIVE;
				GCC_WARN_UNUSED_FUNCTION = YES;
				GCC_WARN_UNUSED_VARIABLE = YES;
				IPHONEOS_DEPLOYMENT_TARGET = 17.0;
				LOCALIZATION_PREFERS_STRING_CATALOGS = YES;
				MTL_ENABLE_DEBUG_INFO = INCLUDE_SOURCE;
				MTL_FAST_MATH = YES;
				ONLY_ACTIVE_ARCH = YES;
				SDKROOT = iphoneos;
				SWIFT_ACTIVE_COMPILATION_CONDITIONS = "DEBUG $(inherited)";
				SWIFT_OPTIMIZATION_LEVEL = "-Onone";
			};
			name = Debug;
		};
		57E22E9F2B33924100A6F1D5 /* Release */ = {
			isa = XCBuildConfiguration;
			buildSettings = {
				ALWAYS_SEARCH_USER_PATHS = NO;
				ASSETCATALOG_COMPILER_GENERATE_SWIFT_ASSET_SYMBOL_EXTENSIONS = YES;
				CLANG_ANALYZER_NONNULL = YES;
				CLANG_ANALYZER_NUMBER_OBJECT_CONVERSION = YES_AGGRESSIVE;
				CLANG_CXX_LANGUAGE_STANDARD = "gnu++20";
				CLANG_ENABLE_MODULES = YES;
				CLANG_ENABLE_OBJC_ARC = YES;
				CLANG_ENABLE_OBJC_WEAK = YES;
				CLANG_WARN_BLOCK_CAPTURE_AUTORELEASING = YES;
				CLANG_WARN_BOOL_CONVERSION = YES;
				CLANG_WARN_COMMA = YES;
				CLANG_WARN_CONSTANT_CONVERSION = YES;
				CLANG_WARN_DEPRECATED_OBJC_IMPLEMENTATIONS = YES;
				CLANG_WARN_DIRECT_OBJC_ISA_USAGE = YES_ERROR;
				CLANG_WARN_DOCUMENTATION_COMMENTS = YES;
				CLANG_WARN_EMPTY_BODY = YES;
				CLANG_WARN_ENUM_CONVERSION = YES;
				CLANG_WARN_INFINITE_RECURSION = YES;
				CLANG_WARN_INT_CONVERSION = YES;
				CLANG_WARN_NON_LITERAL_NULL_CONVERSION = YES;
				CLANG_WARN_OBJC_IMPLICIT_RETAIN_SELF = YES;
				CLANG_WARN_OBJC_LITERAL_CONVERSION = YES;
				CLANG_WARN_OBJC_ROOT_CLASS = YES_ERROR;
				CLANG_WARN_QUOTED_INCLUDE_IN_FRAMEWORK_HEADER = YES;
				CLANG_WARN_RANGE_LOOP_ANALYSIS = YES;
				CLANG_WARN_STRICT_PROTOTYPES = YES;
				CLANG_WARN_SUSPICIOUS_MOVE = YES;
				CLANG_WARN_UNGUARDED_AVAILABILITY = YES_AGGRESSIVE;
				CLANG_WARN_UNREACHABLE_CODE = YES;
				CLANG_WARN__DUPLICATE_METHOD_MATCH = YES;
				COPY_PHASE_STRIP = NO;
				DEBUG_INFORMATION_FORMAT = "dwarf-with-dsym";
				ENABLE_NS_ASSERTIONS = NO;
				ENABLE_STRICT_OBJC_MSGSEND = YES;
				ENABLE_USER_SCRIPT_SANDBOXING = YES;
				GCC_C_LANGUAGE_STANDARD = gnu17;
				GCC_NO_COMMON_BLOCKS = YES;
				GCC_WARN_64_TO_32_BIT_CONVERSION = YES;
				GCC_WARN_ABOUT_RETURN_TYPE = YES_ERROR;
				GCC_WARN_UNDECLARED_SELECTOR = YES;
				GCC_WARN_UNINITIALIZED_AUTOS = YES_AGGRESSIVE;
				GCC_WARN_UNUSED_FUNCTION = YES;
				GCC_WARN_UNUSED_VARIABLE = YES;
				IPHONEOS_DEPLOYMENT_TARGET = 17.0;
				LOCALIZATION_PREFERS_STRING_CATALOGS = YES;
				MTL_ENABLE_DEBUG_INFO = NO;
				MTL_FAST_MATH = YES;
				SDKROOT = iphoneos;
				SWIFT_COMPILATION_MODE = wholemodule;
				VALIDATE_PRODUCT = YES;
			};
			name = Release;
		};
		57E22EA12B33924100A6F1D5 /* Debug */ = {
			isa = XCBuildConfiguration;
			buildSettings = {
				ASSETCATALOG_COMPILER_APPICON_NAME = AppIcon;
				ASSETCATALOG_COMPILER_GLOBAL_ACCENT_COLOR_NAME = AccentColor;
				CODE_SIGN_STYLE = Automatic;
				CURRENT_PROJECT_VERSION = 1;
				DEVELOPMENT_TEAM = 6WR8RJHB5D;
				GENERATE_INFOPLIST_FILE = YES;
				INFOPLIST_FILE = "Swift Assessment/Info.plist";
				INFOPLIST_KEY_UIApplicationSupportsIndirectInputEvents = YES;
				INFOPLIST_KEY_UILaunchStoryboardName = LaunchScreen;
				INFOPLIST_KEY_UIMainStoryboardFile = Main;
				INFOPLIST_KEY_UISupportedInterfaceOrientations_iPad = "UIInterfaceOrientationPortrait UIInterfaceOrientationPortraitUpsideDown UIInterfaceOrientationLandscapeLeft UIInterfaceOrientationLandscapeRight";
				INFOPLIST_KEY_UISupportedInterfaceOrientations_iPhone = "UIInterfaceOrientationPortrait UIInterfaceOrientationLandscapeLeft UIInterfaceOrientationLandscapeRight";
				LD_RUNPATH_SEARCH_PATHS = (
					"$(inherited)",
					"@executable_path/Frameworks",
				);
				MARKETING_VERSION = 1.0;
				PRODUCT_BUNDLE_IDENTIFIER = "com.victor.Swift-Assessment";
				PRODUCT_NAME = "$(TARGET_NAME)";
				SWIFT_EMIT_LOC_STRINGS = YES;
				SWIFT_VERSION = 5.0;
				TARGETED_DEVICE_FAMILY = "1,2";
			};
			name = Debug;
		};
		57E22EA22B33924100A6F1D5 /* Release */ = {
			isa = XCBuildConfiguration;
			buildSettings = {
				ASSETCATALOG_COMPILER_APPICON_NAME = AppIcon;
				ASSETCATALOG_COMPILER_GLOBAL_ACCENT_COLOR_NAME = AccentColor;
				CODE_SIGN_STYLE = Automatic;
				CURRENT_PROJECT_VERSION = 1;
				DEVELOPMENT_TEAM = 6WR8RJHB5D;
				GENERATE_INFOPLIST_FILE = YES;
				INFOPLIST_FILE = "Swift Assessment/Info.plist";
				INFOPLIST_KEY_UIApplicationSupportsIndirectInputEvents = YES;
				INFOPLIST_KEY_UILaunchStoryboardName = LaunchScreen;
				INFOPLIST_KEY_UIMainStoryboardFile = Main;
				INFOPLIST_KEY_UISupportedInterfaceOrientations_iPad = "UIInterfaceOrientationPortrait UIInterfaceOrientationPortraitUpsideDown UIInterfaceOrientationLandscapeLeft UIInterfaceOrientationLandscapeRight";
				INFOPLIST_KEY_UISupportedInterfaceOrientations_iPhone = "UIInterfaceOrientationPortrait UIInterfaceOrientationLandscapeLeft UIInterfaceOrientationLandscapeRight";
				LD_RUNPATH_SEARCH_PATHS = (
					"$(inherited)",
					"@executable_path/Frameworks",
				);
				MARKETING_VERSION = 1.0;
				PRODUCT_BUNDLE_IDENTIFIER = "com.victor.Swift-Assessment";
				PRODUCT_NAME = "$(TARGET_NAME)";
				SWIFT_EMIT_LOC_STRINGS = YES;
				SWIFT_VERSION = 5.0;
				TARGETED_DEVICE_FAMILY = "1,2";
			};
			name = Release;
		};
		57E22EA42B33924100A6F1D5 /* Debug */ = {
			isa = XCBuildConfiguration;
			buildSettings = {
				ALWAYS_EMBED_SWIFT_STANDARD_LIBRARIES = YES;
				BUNDLE_LOADER = "$(TEST_HOST)";
				CODE_SIGN_STYLE = Automatic;
				CURRENT_PROJECT_VERSION = 1;
				DEVELOPMENT_TEAM = 6WR8RJHB5D;
				GENERATE_INFOPLIST_FILE = YES;
				IPHONEOS_DEPLOYMENT_TARGET = 17.0;
				MARKETING_VERSION = 1.0;
				PRODUCT_BUNDLE_IDENTIFIER = "com.victor.Swift-AssessmentTests";
				PRODUCT_NAME = "$(TARGET_NAME)";
				SWIFT_EMIT_LOC_STRINGS = NO;
				SWIFT_VERSION = 5.0;
				TARGETED_DEVICE_FAMILY = "1,2";
				TEST_HOST = "$(BUILT_PRODUCTS_DIR)/Swift Assessment.app/$(BUNDLE_EXECUTABLE_FOLDER_PATH)/Swift Assessment";
			};
			name = Debug;
		};
		57E22EA52B33924100A6F1D5 /* Release */ = {
			isa = XCBuildConfiguration;
			buildSettings = {
				ALWAYS_EMBED_SWIFT_STANDARD_LIBRARIES = YES;
				BUNDLE_LOADER = "$(TEST_HOST)";
				CODE_SIGN_STYLE = Automatic;
				CURRENT_PROJECT_VERSION = 1;
				DEVELOPMENT_TEAM = 6WR8RJHB5D;
				GENERATE_INFOPLIST_FILE = YES;
				IPHONEOS_DEPLOYMENT_TARGET = 17.0;
				MARKETING_VERSION = 1.0;
				PRODUCT_BUNDLE_IDENTIFIER = "com.victor.Swift-AssessmentTests";
				PRODUCT_NAME = "$(TARGET_NAME)";
				SWIFT_EMIT_LOC_STRINGS = NO;
				SWIFT_VERSION = 5.0;
				TARGETED_DEVICE_FAMILY = "1,2";
				TEST_HOST = "$(BUILT_PRODUCTS_DIR)/Swift Assessment.app/$(BUNDLE_EXECUTABLE_FOLDER_PATH)/Swift Assessment";
			};
			name = Release;
		};
		57E22EA72B33924100A6F1D5 /* Debug */ = {
			isa = XCBuildConfiguration;
			buildSettings = {
				ALWAYS_EMBED_SWIFT_STANDARD_LIBRARIES = YES;
				CODE_SIGN_STYLE = Automatic;
				CURRENT_PROJECT_VERSION = 1;
				DEVELOPMENT_TEAM = 6WR8RJHB5D;
				GENERATE_INFOPLIST_FILE = YES;
				MARKETING_VERSION = 1.0;
				PRODUCT_BUNDLE_IDENTIFIER = "com.victor.Swift-AssessmentUITests";
				PRODUCT_NAME = "$(TARGET_NAME)";
				SWIFT_EMIT_LOC_STRINGS = NO;
				SWIFT_VERSION = 5.0;
				TARGETED_DEVICE_FAMILY = "1,2";
				TEST_TARGET_NAME = "Swift Assessment";
			};
			name = Debug;
		};
		57E22EA82B33924100A6F1D5 /* Release */ = {
			isa = XCBuildConfiguration;
			buildSettings = {
				ALWAYS_EMBED_SWIFT_STANDARD_LIBRARIES = YES;
				CODE_SIGN_STYLE = Automatic;
				CURRENT_PROJECT_VERSION = 1;
				DEVELOPMENT_TEAM = 6WR8RJHB5D;
				GENERATE_INFOPLIST_FILE = YES;
				MARKETING_VERSION = 1.0;
				PRODUCT_BUNDLE_IDENTIFIER = "com.victor.Swift-AssessmentUITests";
				PRODUCT_NAME = "$(TARGET_NAME)";
				SWIFT_EMIT_LOC_STRINGS = NO;
				SWIFT_VERSION = 5.0;
				TARGETED_DEVICE_FAMILY = "1,2";
				TEST_TARGET_NAME = "Swift Assessment";
			};
			name = Release;
		};
/* End XCBuildConfiguration section */

/* Begin XCConfigurationList section */
		57E22E712B33923E00A6F1D5 /* Build configuration list for PBXProject "Swift Assessment" */ = {
			isa = XCConfigurationList;
			buildConfigurations = (
				57E22E9E2B33924100A6F1D5 /* Debug */,
				57E22E9F2B33924100A6F1D5 /* Release */,
			);
			defaultConfigurationIsVisible = 0;
			defaultConfigurationName = Release;
		};
		57E22EA02B33924100A6F1D5 /* Build configuration list for PBXNativeTarget "Swift Assessment" */ = {
			isa = XCConfigurationList;
			buildConfigurations = (
				57E22EA12B33924100A6F1D5 /* Debug */,
				57E22EA22B33924100A6F1D5 /* Release */,
			);
			defaultConfigurationIsVisible = 0;
			defaultConfigurationName = Release;
		};
		57E22EA32B33924100A6F1D5 /* Build configuration list for PBXNativeTarget "Swift AssessmentTests" */ = {
			isa = XCConfigurationList;
			buildConfigurations = (
				57E22EA42B33924100A6F1D5 /* Debug */,
				57E22EA52B33924100A6F1D5 /* Release */,
			);
			defaultConfigurationIsVisible = 0;
			defaultConfigurationName = Release;
		};
		57E22EA62B33924100A6F1D5 /* Build configuration list for PBXNativeTarget "Swift AssessmentUITests" */ = {
			isa = XCConfigurationList;
			buildConfigurations = (
				57E22EA72B33924100A6F1D5 /* Debug */,
				57E22EA82B33924100A6F1D5 /* Release */,
			);
			defaultConfigurationIsVisible = 0;
			defaultConfigurationName = Release;
		};
/* End XCConfigurationList section */
	};
	rootObject = 57E22E6E2B33923E00A6F1D5 /* Project object */;
}
